{
    "_meta": {
        "hash": {
            "sha256": "78d189c541f93343b6176f3e1b799fb812e812142e70f0b517e3855f2a0bc49a"
        },
        "pipfile-spec": 6,
        "requires": {
            "python_version": "2.7"
        },
        "sources": [
            {
                "name": "pypi",
                "url": "https://pypi.org/simple",
                "verify_ssl": true
            }
        ]
    },
    "default": {
        "aimmo": {
            "hashes": [
                "sha256:6dbe5942691355b41db310c441394fd6242cd982a4a8976c9490c19e173e0179",
                "sha256:fa02f71bef52ae1df2725a644e954dd3aa5babfd0ba2dd1f90dea4f678807e16"
            ],
            "version": "==0.1.1a0.post0.dev124"
        },
        "attrs": {
            "hashes": [
                "sha256:4b90b09eeeb9b88c35bc642cbac057e45a5fd85367b985bd2809c62b7b939265",
                "sha256:e0d0eb91441a3b53dab4d9b743eafc1ac44476296a2053b6ca3af0b139faf87b"
            ],
            "version": "==18.1.0"
        },
        "certifi": {
            "hashes": [
                "sha256:376690d6f16d32f9d1fe8932551d80b23e9d393a8578c5633a2ed39a64861638",
                "sha256:456048c7e371c089d0a77a5212fb37a2c2dce1e24146e3b7e0261736aaeaa22a"
            ],
            "version": "==2018.8.24"
        },
        "chardet": {
            "hashes": [
                "sha256:84ab92ed1c4d4f16916e05906b6b75a6c0fb5db821cc65e70cbd64a3e2a5eaae",
                "sha256:fc323ffcaeaed0e0a02bf4d117757b98aed530d9ed4531e3e15460124c106691"
            ],
            "version": "==3.0.4"
        },
        "click": {
            "hashes": [
                "sha256:29f99fc6125fbc931b758dc053b3114e55c77a6e4c6c3a2674a2dc986016381d",
                "sha256:f15516df478d5a56180fbf80e68f206010e6d160fc39fa508b65e035fd75130b"
            ],
            "version": "==6.7"
        },
        "coverage": {
            "hashes": [
                "sha256:10cfac276cf3dd0acefc49444fc4e1a0a4c23c855d9fcbd555681c3a47a328e6",
                "sha256:18797137634b64fe488b239d3709e5f8fdea80aea09f86ec819c633a2c84f79c",
                "sha256:1a54b37e265dd81922f32eff50559630905770cdf8a8e560aa5a4f3297e5d5bf",
                "sha256:245709d580be9c7a5f8e2aeebab889f571ac323ff34bdde497072e82c0295546",
                "sha256:316881a28d2a1a5853495092267fcacf245805b4139f0fc996f8a6c4be6fb499",
                "sha256:3368098e2c633ec6b2af4f91abde94b5c3b8fa66857452137485f40be77aeda6",
                "sha256:33e0aa553d256b0daf43e0026db3bd415eb4b94c8dc7984afb84c10efa51a83b",
                "sha256:35fe7a6c06851c4c6a4c171eb796d27e023f5a1ce1e25837ea720f5b8cb76fce",
                "sha256:3a1c8ed67a64627ef317de64356731f8f173b76457672e933db896c080e1cc2b",
                "sha256:3e79318f0ddb197e775a742cc44807b1e9f3b8a57325f422fe547d3e0ca01b86",
                "sha256:59fa7e9857205b8d6f6fce0eaea07409bcdffd68eaec3db7e0b1ac720d4fe0f3",
                "sha256:6b2e2ef7572b399b0cc2f6d05c06ada40329166d6fc58beef8081fb94a41201f",
                "sha256:712599fc602c302c540fe7e83b6d82aaf381ec5bfb4a51dc5c30f57d214d649f",
                "sha256:773c0e658503538554516f5f901e775cda760648d8d2b988e16f187812c0c089",
                "sha256:7c8dbbc9e5480856125511f11a5c735cff3200e367adc3ba342dad506a25407d",
                "sha256:7fc25906ecb0a6af0c434370da6cfbcf8badb257c5cf9a6464f5e37fe4ebc949",
                "sha256:88d81556e00ac7e1cc9e70a2376859f41e46d187b6dd5883422aa537505f8a98",
                "sha256:91a915f5fc88db7adace367e8ef65d1a418d29f7ade62514d604eed87c861355",
                "sha256:9f696b90ff4886ba5a277995397a13b0600bfd97c70d8ae4241c2aecea11ee61",
                "sha256:a863f4540446d7eeaf6bf716aee277eaf38842718e86bdb80cdca78cdf1fed0d",
                "sha256:ab3981817dcec2dd9ea552e46538ee2e34480ec623fc365019ddae82bc9be143",
                "sha256:b3b6d8d8194e7e1300240402dfd9c54840d03621e69da821d8ffc8bbebe00137",
                "sha256:c296ac03ba12e184bef03387d89c4a0be79daff214294917ce77df32240bf4d8",
                "sha256:c75b3de73cc7ba2e911a907322c65dd10da216f37e7477f22dbd0098775f6345",
                "sha256:c87c9ee13ce431305734b8e3f0bf00468a1d4f4ee60b6ef63c69282776ab94d6",
                "sha256:c89c895ff5cfda45a5f681514b647986f76a4f984df125d210c154e5a1a2472b",
                "sha256:c9fa8fbda281b1ddf25b8fa7ccf0564198a86c9da8a413111fcadd510a98a232",
                "sha256:ccdf1bd8fd848690fb3d5153d0c54c41169e59804acb9652664f5f669fe25c11"
            ],
            "version": "==5.0a1"
        },
        "django": {
            "hashes": [
                "sha256:c007dba5086061f7d0f4d88a3bc4016d881a7eede86d6c1c4fdbbaadddd53f1d",
                "sha256:c213590aa8599b17a9a914ab017f7dc6fc16c9c69603ecf071100346b8d9d777"
            ],
            "version": "==1.9.13"
        },
        "django-appconf": {
            "hashes": [
                "sha256:3d9bc963d8008ae151d6c664f9fd55442705ea9b9e6d7ce77cdd40bf92d91f3a",
                "sha256:ba1375fb1024e8e91547504d4392321795c989fde500b96ebc7c93884f786e60"
            ],
            "version": "==1.0.1"
        },
        "django-autoconfig": {
            "hashes": [
                "sha256:5f28cfb7d848d9d99eadba62848732931c799cd9c98dc9792875e16ffcb1f700",
                "sha256:e19b1b9545bb723624e7aa93172f68584790c1be1f962122485c6c367c87d0fc",
                "sha256:edafe7b8bd6246ed9fcc5c00cbf4bea93ae3479d97a4561d222010f78dadc11e"
            ],
            "version": "==0.8.0"
        },
        "django-bourbon": {
            "hashes": [
                "sha256:7365400ff7dbab2fb13f6e3a5e7d8e9e12a26097a0fe64caee98a83651163954",
                "sha256:f33f041845d004d73a4f9298477374af57be15f3cb9c1aa51787ea964d7abecb"
            ],
            "version": "==3.1.8"
        },
        "django-casper": {
            "hashes": [
                "sha256:7659125168acdf77a8c93dec63f54c57c0295b77e353f4c3ac70aa0b7cfbc42b",
                "sha256:d3dd4a9a0b267e1b5636ce25ba8be15b2423038bb4bb084734b264e06ef8c011"
            ],
            "version": "==0.0.3"
        },
        "django-classy-tags": {
            "hashes": [
                "sha256:00b785ce56ce0faf904c6a52acc03c5d623e6c8d90f831a6540accdf64bdbb73",
                "sha256:e57ff4e89649cd395bfe71e9c423f2c5360f2b631c5c72da3b6645b2a2d62013"
            ],
            "version": "==0.6.1"
        },
        "django-countries": {
            "hashes": [
                "sha256:23c6b5455a2e68ed02601cee0d3c80481965d0c3a6bd2f07ca56902b0a4c55a6",
                "sha256:5bdda9d2c3473b519371428d88517f29befad7e35dfc489e8b0f95cb2aa941dc"
            ],
            "version": "==3.4.1"
        },
        "django-forms-bootstrap": {
            "hashes": [
                "sha256:50d69baf6c6f262f6ae3651096b52c31552cb75d37493f0c917ce2c16d13f0d9",
                "sha256:ffc6d2b9fba03e2366884e82f613daf1284702e9346746e0e9de299db8138d6f"
            ],
            "version": "==3.1.0"
        },
        "django-formtools": {
            "hashes": [
                "sha256:647a5855277dcf335902eeeeeba3056e439493e6b7de70b942c988a6d8d70e04",
                "sha256:6cee6e7b8990898332af2c00020195aacd428bd97ff99d1ec02e9deec84d928c"
            ],
            "version": "==1.0"
        },
        "django-foundation-icons": {
            "hashes": [
                "sha256:eba9bbce3c1a5cb3489aeed7158886826e5a9966cedd1f0d838bd588e43996bd"
            ],
            "version": "==3.1"
        },
        "django-foundation-statics": {
            "hashes": [
                "sha256:c375de71f890f8a787b88229e04a7f6865d511fbb5ab87da72cf72bce92af957"
            ],
            "version": "==5.4.7"
        },
        "django-jquery": {
            "hashes": [
                "sha256:70df837586a69607acb82a1d35a10d11e0dc11403949e4a2f3c2fcc726036abb"
            ],
            "version": "==1.9.1"
        },
        "django-js-reverse": {
            "hashes": [
                "sha256:62c540d46b1de17adcbb80ea6ef7239b4ab9793fadae1595383b2be801b1af60",
                "sha256:928273d0cab8425af1851e9cd0de96d54b60e844163deb39bf0fe3b0585705a4"
            ],
            "version": "==0.6.1"
        },
        "django-online-status": {
            "hashes": [
                "sha256:c2f791ea82c77563ad0a0878ebda5ad1e8fa26f7d006bdb01cb4a866c8eeeea2"
            ],
            "version": "==0.1.0"
        },
        "django-otp": {
            "hashes": [
                "sha256:0016baa0f11544aa3a709d1b4fca13d607397ae41025bdc4fdb8a7e80a39973c",
                "sha256:fd9e787779c053ba77e47a6907539c01e8db41b09f99722793317ed9a4183b32"
            ],
            "version": "==0.4.3"
        },
        "django-phonenumber-field": {
            "hashes": [
                "sha256:f3b23af290d0f800945c44e0737bd32f3ee38f63e7ad7076450778fe682a52fe"
            ],
            "version": "==0.7.2"
        },
        "django-pipeline": {
            "hashes": [
                "sha256:a5a909f403d0ea56f211618949ff4e378f16e5a996bde819bd2b5b0e7a9bb8fe",
                "sha256:c711e88615ef37b2359ce30978eae7c65e54924aeb043229656c5e239065e596"
            ],
            "version": "==1.5.4"
        },
        "django-recaptcha": {
            "hashes": [
                "sha256:202767d8a4a318b5410d47131fa6807b224dc31ee537329299209b281fdf3444",
                "sha256:6cef6f94b8de84d889f0326fce572ec26b2a027fc802582666f148b38cc4d8d1"
            ],
            "version": "==1.3.1"
        },
        "django-reversion": {
            "hashes": [
                "sha256:89a5c639d9455c1c83c770e3626f2860f39175fc4eb20ce3c802f05d76dc1738"
            ],
            "version": "==2.0.0"
        },
        "django-sekizai": {
            "hashes": [
                "sha256:39c5d16ad694aa78278ca84fdc7b9f953ebcf94e2fc95b68c875d02014303260",
                "sha256:cbd48e7be29e8cc4108476b9420d7c391fc509a504bc20b60616b116ba6ea51e"
            ],
            "version": "==0.10.0"
        },
        "django-treebeard": {
            "hashes": [
                "sha256:c21db06a8d4943bf2a28d9d7a119058698fb76116df2679ecbf15a46a501de42"
            ],
            "version": "==4.3"
        },
        "django-two-factor-auth": {
            "hashes": [
                "sha256:596ca6a8d6f71b1acc2b1aa5cd1d8e13f2ada8bfa5808f2b5aa07922eb2b55c9",
                "sha256:91e730cb0984508b97d93e7d7547f7a1676651908982b6c00fa2d10b34cda2f2"
            ],
            "version": "==1.5.0"
        },
        "djangorestframework": {
            "hashes": [
                "sha256:09842ecb1c7c38e5a666c04bcfa924f682ef1e82d9c84080f19c28b771d080c5",
                "sha256:41dab5727ee1aeb3d5b28a126ad0d28fbf80f832382cdaa3f078113f1e24771a"
            ],
            "version": "==3.2.3"
        },
        "dnspython": {
            "hashes": [
                "sha256:40f563e1f7a7b80dc5a4e76ad75c23da53d62f1e15e6e517293b04e1f84ead7c",
                "sha256:861e6e58faa730f9845aaaa9c6c832851fbf89382ac52915a51f89c71accdd31"
            ],
            "version": "==1.15.0"
        },
        "docutils": {
            "hashes": [
                "sha256:c7db717810ab6965f66c8cf0398a98c9d8df982da39b4cd7f162911eb89596fa",
                "sha256:dcebd4928112631626f4c4d0df59787c748404e66dda952110030ea883d3b8cd"
            ],
            "version": "==0.12"
        },
        "e1839a8": {
            "editable": true,
            "path": "."
        },
        "enum34": {
            "hashes": [
                "sha256:2d81cbbe0e73112bdfe6ef8576f2238f2ba27dd0d55752a776c41d38b7da2850",
                "sha256:644837f692e5f550741432dd3f223bbb9852018674981b1664e5dc339387588a",
                "sha256:6bd0f6ad48ec2aa117d3d141940d484deccda84d4fcd884f5c3d93c23ecd8c79",
                "sha256:8ad8c4783bf61ded74527bffb48ed9b54166685e4230386a9ed9b1279e2df5b1"
            ],
            "markers": "python_version == '2.7'",
            "version": "==1.1.6"
        },
        "eventlet": {
            "hashes": [
                "sha256:c584163e006e613707e224552fafc63e4e0aa31d7de0ab18b481ac0b385254c8",
                "sha256:d9d31a3c8dbcedbcce5859a919956d934685b17323fc80e1077cb344a2ffa68d"
            ],
            "version": "==0.24.1"
        },
        "flask": {
            "hashes": [
                "sha256:2271c0070dbcb5275fad4a82e29f23ab92682dc45f9dfbc22c02ba9b9322ce48",
                "sha256:a080b744b7e345ccfcbc77954861cb05b3c63786e93f2b3875e0913d44b43f05"
            ],
            "version": "==1.0.2"
        },
        "flask-cors": {
            "hashes": [
                "sha256:e4c8fc15d3e4b4cce6d3b325f2bab91e0e09811a61f50d7a53493bc44242a4f1",
                "sha256:ecc016c5b32fa5da813ec8d272941cfddf5f6bba9060c405a70285415cbf24c9"
            ],
            "version": "==3.0.6"
        },
        "flask-socketio": {
            "hashes": [
                "sha256:034c36bad808f93efd5b0aeafd740dc314b0a848f17e9ec6c387c74b3f22dfe7",
                "sha256:794426c85f5b79d66c3ca583b6185d334f1493e655a1a0f02eb893a56970afe4"
            ],
            "version": "==3.0.1"
        },
        "futures": {
            "hashes": [
                "sha256:9ec02aa7d674acb8618afb127e27fde7fc68994c0437ad759fa094a574adb265",
                "sha256:ec0a6cb848cc212002b9828c3e34c675e0c9ff6741dc445cab6fdd4e1085d1f1"
            ],
            "version": "==3.2.0"
        },
        "greenlet": {
            "hashes": [
                "sha256:0411b5bf0de5ec11060925fd811ad49073fa19f995bcf408839eb619b59bb9f7",
                "sha256:131f4ed14f0fd28d2a9fa50f79a57d5ed1c8f742d3ccac3d773fee09ef6fe217",
                "sha256:13510d32f8db72a0b3e1720dbf8cba5c4eecdf07abc4cb631982f51256c453d1",
                "sha256:31dc4d77ef04ab0460d024786f51466dbbc274fda7c8aad0885a6df5ff8d642e",
                "sha256:35021d9fecea53b21e4defec0ff3ad69a8e2b75aca1ceddd444a5ba71216547e",
                "sha256:426a8ef9e3b97c27e841648241c2862442c13c91ec4a48c4a72b262ccf30add9",
                "sha256:58217698193fb94f3e6ff57eed0ae20381a8d06c2bc10151f76c06bb449a3a19",
                "sha256:5f45adbbb69281845981bb4e0a4efb8a405f10f3cd6c349cb4a5db3357c6bf93",
                "sha256:5fdb524767288f7ad161d2182f7ed6cafc0a283363728dcd04b9485f6411547c",
                "sha256:71fbee1f7ef3fb42efa3761a8faefc796e7e425f528de536cfb4c9de03bde885",
                "sha256:80bd314157851d06f7db7ca527082dbb0ee97afefb529cdcd59f7a5950927ba0",
                "sha256:b843c9ef6aed54a2649887f55959da0031595ccfaf7e7a0ba7aa681ffeaa0aa1",
                "sha256:c6a05ef8125503d2d282ccf1448e3599b8a6bd805c3cdee79760fa3da0ea090e",
                "sha256:deeda2769a52db840efe5bf7bdf7cefa0ae17b43a844a3259d39fb9465c8b008",
                "sha256:e66f8b09eec1afdcab947d3a1d65b87b25fde39e9172ae1bec562488335633b4",
                "sha256:e8db93045414980dbada8908d49dbbc0aa134277da3ff613b3e548cb275bdd37",
                "sha256:f1cc268a15ade58d9a0c04569fe6613e19b8b0345b64453064e2c3c6d79051af",
                "sha256:fe3001b6a4f3f3582a865b9e5081cc548b973ec20320f297f5e2d46860e9c703",
                "sha256:fe85bf7adb26eb47ad53a1bae5d35a28df16b2b93b89042a3a28746617a4738d"
            ],
            "version": "==0.4.14"
        },
        "hypothesis": {
            "hashes": [
                "sha256:82ed8feb36d7ae7f08e5d0f2df7c52e202bd9dc4e4d34869aa9ae9e888dcf9b2",
                "sha256:f8cf821ad619bbd8d497feb3e437448e32261b76555aceedefee234c274b8db6"
            ],
            "version": "==3.69.11"
        },
        "idna": {
            "hashes": [
                "sha256:2c6a5de3089009e3da7c5dde64a141dbc8551d5b7f6cf4ed7c2568d0cc520a8f",
                "sha256:8c7309c718f94b3a625cb648ace320157ad16ff131ae0af362c9f21b80ef6ec4"
            ],
            "version": "==2.6"
        },
        "itsdangerous": {
            "hashes": [
                "sha256:cbb3fcf8d3e33df861709ecaf89d9e6629cff0a217bc2848f1b41cd30d360519"
            ],
            "version": "==0.24"
        },
        "jinja2": {
            "hashes": [
                "sha256:74c935a1b8bb9a3947c50a54766a969d4846290e1e788ea44c1392163723c3bd",
                "sha256:f84be1bb0040caca4cea721fcbbbbd61f9be9464ca236387158b0feea01914a4"
            ],
            "version": "==2.10"
        },
        "libsass": {
            "hashes": [
                "sha256:0f2e421d3e5a53833243e0a5f2cf7ebe9812725a7f27a797c38f3c7190ce2a82",
                "sha256:1b74aff85f1560d629a070552ec67f9f0ff9a47446ffafddafad9944f7589ae1",
                "sha256:1cf80c04a77d36fd77f00b1ae0a269eee780d971fabd9d493b15d30de9857ae5",
                "sha256:1d55dfe8e91a15a7d72d7f8aca16e74da36899e70d911af66d7184f1c82e2b39",
                "sha256:23755425149fe0f576fd0ab7bcd151fe09400b2d980fe176c28f6c19e053c830",
                "sha256:4a434d5b713b97c4141fb71c59341d4ebff8669114b14c626af51e145a48710e",
                "sha256:4dcd5b546bed977276f97eb7a2a13cb7cbf0a38d672e7b5525b7587c8cabcf27",
                "sha256:62771c8ead9227579891814dd714be645243741aa23e5cb232ac0c245cf29a37",
                "sha256:727fb84326ffa930bc09fad8b706e77ada4d13b3adf35cce134962a434d7eccb",
                "sha256:7b9e7179b5f4fc32bc716f86e9ccaeb48ab90e7eb6648b339440346733af8828",
                "sha256:a0ffca466b35fb57f2afe1f1c5fd39b4c51a4107596d28ef8c0d3bb0962244b5",
                "sha256:bb9735066391189b3c0383254d20d59aaafb438d632d7de551c264f16486e773",
                "sha256:cbd5ee83d3603a2b2c2937d8f06acc07b30fd22642ea2460c966d4fd6217f1d0",
                "sha256:de1eae502764b3dde294d6652a0046489cf31008de190c4dd8d05e7f4b5e0d71",
                "sha256:e00b6c6d75a6e912990cbc23d48ddfdbfefc3e400c20be6593988839292248c5",
                "sha256:ed8beef197efc6e6ab0ad03cea0885b31cc11f226290783649b4dafe1fb2ea27"
            ],
            "version": "==0.14.5"
        },
        "markupsafe": {
            "hashes": [
                "sha256:a6be69091dac236ea9c6bc7d012beab42010fa914c459791d627dad4910eb665"
            ],
            "version": "==1.0"
        },
        "monotonic": {
            "hashes": [
                "sha256:23953d55076df038541e648a53676fb24980f7a1be290cdda21300b3bc21dfb0",
                "sha256:552a91f381532e33cbd07c6a2655a21908088962bb8fa7239ecbcc6ad1140cc7"
            ],
            "version": "==1.5"
        },
        "phonenumbers": {
            "hashes": [
                "sha256:09d4e3ced954fffaf9d2a7d6296a3a875464bf36c99149089755a19707efabc7",
                "sha256:c9c00b6917ee5052465d1d63907dd8be3cf1314b908c62a8853cdc1863f3a15a"
            ],
            "version": "==7.7.5"
        },
        "pillow": {
            "hashes": [
                "sha256:b2b7f3e936c062db02c0b01df0560ddbd7d09b24ef5187c71d9de3028f686427",
                "sha256:d50c3414a9ef00bf20df6c7d1bb6522849907cb1aac5121b4ddd2a4ada9fc990"
            ],
            "version": "==3.3.2"
        },
        "postcodes": {
            "hashes": [
                "sha256:c11f49b2c3a6ce18881f7924fc6eca4aa4550b0e8536c4a44500a83cc233c4c5"
            ],
            "version": "==0.1"
        },
        "psutil": {
            "hashes": [
                "sha256:0d8da7333549a998556c18eb2af3ce902c28d66ceb947505c008f91e9f988abd",
                "sha256:1914bacbd2fc2af8f795daa44b9d2e0649a147460cfd21b1a70a124472f66d40",
                "sha256:215d61a901e67b1a35e14c6aedef317f7fa7e6075a20c150fd11bd2c906d2c83",
                "sha256:51057c03aea251ad6667c2bba259bc7ed3210222d3a74152c84e3ab06e1da0ba",
                "sha256:5b6322b167a5ba0c5463b4d30dfd379cd4ce245a1162ebf8fc7ab5c5ffae4f3b",
                "sha256:a890c3e490493f21da2817ffc92822693bc0d6bcac9999caa04ffce8dd4e7132",
                "sha256:b34611280a2d0697f1c499e15e936d88109170194b390599c98bab8072a71f05",
                "sha256:cea2557ee6a9faa2c100947637ded68414e12b851633c4ce26e0311b2a2ed539",
                "sha256:d081707ef0081920533db30200a2d30d5c0ea9cf6afa7cf8881ae4516cc69c48"
            ],
            "version": "==5.4.7"
        },
        "pyhamcrest": {
            "hashes": [
                "sha256:0f88c8e7d8855853f8d6b7bf685478676f03049787ec1c31cf39764be0675450",
                "sha256:118c48351451ec027cceed781841c19b836739e21f71a26649fe97fca0d346d5",
                "sha256:6774ba8cdb0e98ed236368be47d20b123bd901aa0353275ff15f0d544aed1a45",
                "sha256:83e00ee20b5cbd08c73faafc9e260bdd9dee5f69f9d59d6da5b9893c76187f38",
                "sha256:97e2bc4499ed05eb29a4566338848227dcf1430e82d278bebe318565f6819189",
                "sha256:bfe2e3154ec206ac7b6d36c0a4332879aba3f8637ca8b7005df83ffc22c20925"
            ],
            "version": "==1.8.3"
        },
        "python-engineio": {
            "hashes": [
                "sha256:abf0d11098643eb1278d2db4dfbd13c0fe3cbfa99315572fd1c223277df62f2e",
                "sha256:d35c50db73bf372f82975dc87f18f1cbfab7d5bed2dfc2553ae784579502a461"
            ],
            "version": "==2.2.0"
        },
        "python-socketio": {
            "hashes": [
                "sha256:3513110bc14db4c961c33af51169705bbaeead380ecafbe845275ac8c6f9395f",
                "sha256:bde24ef6132a3c2e1b24e77847b31d331abdf8da8c711f0ef9cee4785000e023"
            ],
            "version": "==2.0.0"
        },
        "pyyaml": {
            "hashes": [
                "sha256:3cf9e8298df49f80888ab3d95bcfa0e970788c3c92248497b21c75431bb78493",
                "sha256:4a612876bfac22be403a39cbff64b8aac7ce3fed4c11778c59f79232943b22e4",
                "sha256:65d4bc2de0aa3b63c1139d22987d895a0db5da494885e01dc7b20580aa648f9c",
                "sha256:76ee2cbe4131047828aed07ccee9b5019eeed3c68f62d82dc4493683361b9dda",
                "sha256:906e8229128b19f716467725d271d0054ce78a8eb4e42c1cfec461e49f0adf1f",
                "sha256:bf52ee7e6f62c247d2dd1102304cadd47a0bddde41fe04c46b1f147c97895744",
                "sha256:e713da45c96ca53a3a8b48140d4120374db622df16ab71759c9ceb5b8d46fe7c",
                "sha256:f7c8a1c45c54e939acf2819b10eee61d29212962d96431653b01556f5ea5b660"
            ],
            "version": "==3.10"
        },
        "qrcode": {
            "hashes": [
                "sha256:f3993aea9e3af2ca92b64128a81f36ed978a44d115a214293bfcd2cae7de8f6e"
            ],
            "version": "==4.0.4"
        },
        "rapid-router": {
            "hashes": [
                "sha256:a72ff8e8024b62e1c586494c556cdd7d9105f6342fd68fb71f5a5ca9fb744923",
                "sha256:bb02c942349ea28cbb0ec0acac334b1d3fe207509c1dfbd3072d32107179502f"
            ],
            "version": "==1.0.0.post0.dev423"
        },
        "reportlab": {
            "hashes": [
                "sha256:122258aed55cb639d8e334cbbf477822b9bc965771bdb1eb6e75b8318a042f76",
                "sha256:2361fb32c6f1f36b5fab76ebfa07cfce24389e5c2c1b47ca74eb54dfe8ecb4f6",
                "sha256:72e687662bd854776407b9108483561831b45546d935df8b0477708199086293",
                "sha256:a7aa8e22217a1b88d00027c5bbfd2500bfd0fbab5485b7f74e88db10a13bc4b2",
                "sha256:bf87067d3b7dbedab7f7b7dcba2f35d5dc4a5d5623c52c701190f7ee4a7d5a86",
                "sha256:ef7a5aca01c093f062b4f37b9a9aef4c53d5814ebf570679392cf58c7190c4d9",
                "sha256:fb12956e68c0e6faef3cb023935b4347dbe46992b82e1564c57c90d5c644fbde"
            ],
            "version": "==3.2.0"
        },
        "requests": {
            "hashes": [
                "sha256:6a1b267aa90cac58ac3a765d067950e7dbbf75b1da07e895d1f594193a40a38b",
                "sha256:9c443e7324ba5b85070c4a818ade28bfabedf16ea10206da1132edaa6dda237e"
            ],
            "version": "==2.18.4"
        },
        "six": {
            "hashes": [
                "sha256:70e8a77beed4562e7f14fe23a786b54f6296e34344c23bc42f07b15018ff98e9",
                "sha256:832dc0e10feb1aa2c68dcc57dbb658f1c7e65b9b61af69048abc87a2db00a0eb"
            ],
            "version": "==1.11.0"
        },
        "sqlparse": {
            "hashes": [
                "sha256:ce028444cfab83be538752a2ffdb56bc417b7784ff35bb9a3062413717807dec",
                "sha256:d9cf190f51cbb26da0412247dfe4fb5f4098edb73db84e02f9fc21fdca31fed4"
            ],
            "version": "==0.2.4"
        },
        "urllib3": {
            "hashes": [
                "sha256:06330f386d6e4b195fbfc736b297f58c5a892e4440e54d294d7004e3a9bbea1b",
                "sha256:cc44da8e1145637334317feebd728bd869a35285b93cbb4cca2577da7e62db4f"
            ],
            "version": "==1.22"
        },
        "werkzeug": {
            "hashes": [
                "sha256:c3fd7a7d41976d9f44db327260e263132466836cef6f91512889ed60ad26557c",
                "sha256:d5da73735293558eb1651ee2fddc4d0dedcfa06538b8813a2e20011583c9e49b"
            ],
            "version": "==0.14.1"
        }
    },
    "develop": {
        "astroid": {
            "hashes": [
                "sha256:0ef2bf9f07c3150929b25e8e61b5198c27b0dca195e156f0e4d5bdd89185ca1a",
                "sha256:fc9b582dba0366e63540982c3944a9230cbc6f303641c51483fa547dcc22393a"
            ],
            "version": "==1.6.5"
        },
        "backports.functools-lru-cache": {
            "hashes": [
                "sha256:9d98697f088eb1b0fa451391f91afb5e3ebde16bbdb272819fd091151fda4f1a",
                "sha256:f0b0e4eba956de51238e17573b7087e852dfe9854afd2e9c873f73fc0ca0a6dd"
            ],
            "markers": "python_version == '2.7'",
            "version": "==1.5"
        },
        "configparser": {
            "hashes": [
                "sha256:5308b47021bc2340965c371f0f058cc6971a04502638d4244225c49d80db273a"
            ],
            "markers": "python_version == '2.7'",
            "version": "==3.5.0"
        },
        "enum34": {
            "hashes": [
                "sha256:2d81cbbe0e73112bdfe6ef8576f2238f2ba27dd0d55752a776c41d38b7da2850",
                "sha256:644837f692e5f550741432dd3f223bbb9852018674981b1664e5dc339387588a",
                "sha256:6bd0f6ad48ec2aa117d3d141940d484deccda84d4fcd884f5c3d93c23ecd8c79",
                "sha256:8ad8c4783bf61ded74527bffb48ed9b54166685e4230386a9ed9b1279e2df5b1"
            ],
            "markers": "python_version == '2.7'",
            "version": "==1.1.6"
        },
        "futures": {
            "hashes": [
                "sha256:9ec02aa7d674acb8618afb127e27fde7fc68994c0437ad759fa094a574adb265",
                "sha256:ec0a6cb848cc212002b9828c3e34c675e0c9ff6741dc445cab6fdd4e1085d1f1"
            ],
            "version": "==3.2.0"
        },
        "isort": {
            "hashes": [
                "sha256:1153601da39a25b14ddc54955dbbacbb6b2d19135386699e2ad58517953b34af",
                "sha256:b9c40e9750f3d77e6e4d441d8b0266cf555e7cdabdcff33c4fd06366ca761ef8",
                "sha256:ec9ef8f4a9bc6f71eec99e1806bfa2de401650d996c59330782b89a5555c1497"
            ],
            "version": "==4.3.4"
        },
        "lazy-object-proxy": {
            "hashes": [
                "sha256:0ce34342b419bd8f018e6666bfef729aec3edf62345a53b537a4dcc115746a33",
                "sha256:1b668120716eb7ee21d8a38815e5eb3bb8211117d9a90b0f8e21722c0758cc39",
                "sha256:209615b0fe4624d79e50220ce3310ca1a9445fd8e6d3572a896e7f9146bbf019",
                "sha256:27bf62cb2b1a2068d443ff7097ee33393f8483b570b475db8ebf7e1cba64f088",
                "sha256:27ea6fd1c02dcc78172a82fc37fcc0992a94e4cecf53cb6d73f11749825bd98b",
                "sha256:2c1b21b44ac9beb0fc848d3993924147ba45c4ebc24be19825e57aabbe74a99e",
                "sha256:2df72ab12046a3496a92476020a1a0abf78b2a7db9ff4dc2036b8dd980203ae6",
                "sha256:320ffd3de9699d3892048baee45ebfbbf9388a7d65d832d7e580243ade426d2b",
                "sha256:50e3b9a464d5d08cc5227413db0d1c4707b6172e4d4d915c1c70e4de0bbff1f5",
                "sha256:5276db7ff62bb7b52f77f1f51ed58850e315154249aceb42e7f4c611f0f847ff",
                "sha256:61a6cf00dcb1a7f0c773ed4acc509cb636af2d6337a08f362413c76b2b47a8dd",
                "sha256:6ae6c4cb59f199d8827c5a07546b2ab7e85d262acaccaacd49b62f53f7c456f7",
                "sha256:7661d401d60d8bf15bb5da39e4dd72f5d764c5aff5a86ef52a042506e3e970ff",
                "sha256:7bd527f36a605c914efca5d3d014170b2cb184723e423d26b1fb2fd9108e264d",
                "sha256:7cb54db3535c8686ea12e9535eb087d32421184eacc6939ef15ef50f83a5e7e2",
                "sha256:7f3a2d740291f7f2c111d86a1c4851b70fb000a6c8883a59660d95ad57b9df35",
                "sha256:81304b7d8e9c824d058087dcb89144842c8e0dea6d281c031f59f0acf66963d4",
                "sha256:933947e8b4fbe617a51528b09851685138b49d511af0b6c0da2539115d6d4514",
                "sha256:94223d7f060301b3a8c09c9b3bc3294b56b2188e7d8179c762a1cda72c979252",
                "sha256:ab3ca49afcb47058393b0122428358d2fbe0408cf99f1b58b295cfeb4ed39109",
                "sha256:bd6292f565ca46dee4e737ebcc20742e3b5be2b01556dafe169f6c65d088875f",
                "sha256:cb924aa3e4a3fb644d0c463cad5bc2572649a6a3f68a7f8e4fbe44aaa6d77e4c",
                "sha256:d0fc7a286feac9077ec52a927fc9fe8fe2fabab95426722be4c953c9a8bede92",
                "sha256:ddc34786490a6e4ec0a855d401034cbd1242ef186c20d79d2166d6a4bd449577",
                "sha256:e34b155e36fa9da7e1b7c738ed7767fc9491a62ec6af70fe9da4a057759edc2d",
                "sha256:e5b9e8f6bda48460b7b143c3821b21b452cb3a835e6bbd5dd33aa0c8d3f5137d",
                "sha256:e81ebf6c5ee9684be8f2c87563880f93eedd56dd2b6146d8a725b50b7e5adb0f",
                "sha256:eb91be369f945f10d3a49f5f9be8b3d0b93a4c2be8f8a5b83b0571b8123e0a7a",
                "sha256:f460d1ceb0e4a5dcb2a652db0904224f367c9b3c1470d5a7683c0480e582468b"
            ],
            "version": "==1.3.1"
        },
        "mccabe": {
            "hashes": [
                "sha256:ab8a6258860da4b6677da4bd2fe5dc2c659cff31b3ee4f7f5d64e79735b80d42",
                "sha256:dd8d182285a0fe56bace7f45b5e7d1a6ebcbf524e8f3bd87eb0f125271b8831f"
            ],
            "version": "==0.6.1"
        },
        "pylint": {
            "hashes": [
                "sha256:09bc539f85706f2cca720a7ddf28f5c6cf8185708d6cb5bbf7a90a32c3b3b0aa",
                "sha256:b8471105f12c73a1b9eee2bb2474080370e062a7290addd215eb34bc4dfe9fd8"
            ],
            "index": "pypi",
            "version": "==1.9.3"
        },
        "singledispatch": {
            "hashes": [
                "sha256:5b06af87df13818d14f08a028e42f566640aef80805c3b50c5056b086e3c2b9c",
                "sha256:833b46966687b3de7f438c761ac475213e53b306740f1abfaa86e1d1aae56aa8"
            ],
            "markers": "python_version < '3.4'",
            "version": "==3.4.0.3"
        },
        "six": {
            "hashes": [
                "sha256:70e8a77beed4562e7f14fe23a786b54f6296e34344c23bc42f07b15018ff98e9",
                "sha256:832dc0e10feb1aa2c68dcc57dbb658f1c7e65b9b61af69048abc87a2db00a0eb"
            ],
            "version": "==1.11.0"
        },
        "wrapt": {
            "hashes": [
                "sha256:d4d560d479f2c21e1b5443bbd15fe7ec4b37fe7e53d335d3b9b0a7b1226fe3c6"
            ],
            "version": "==1.10.11"
        }
    }
}
