{
    "_meta": {
        "hash": {
            "sha256": "4ea06a97d861011c36a50ddc97277d6c215877a6683f4261e381562e11eb6742"
        },
        "pipfile-spec": 6,
        "requires": {
            "python_version": "2.7"
        },
        "sources": [
            {
                "name": "pypi",
                "url": "https://pypi.org/simple",
                "verify_ssl": true
            }
        ]
    },
    "default": {
        "aimmo": {
            "hashes": [
                "sha256:50dfdf508e4cd298fd70842a474758e860bf0e7a23796a72c971918b7aea9b76",
                "sha256:f8d53527d10aa796395e2f32e0e7edd22088380975898bf2ca30547a441a964b"
            ],
            "version": "==0.10.1"
        },
        "attrs": {
            "hashes": [
                "sha256:10cbf6e27dbce8c30807caf056c8eb50917e0eaafe86347671b57254006c3e69",
                "sha256:ca4be454458f9dec299268d472aaa5a11f67a4ff70093396e1ceae9c76cf4bbb"
            ],
            "version": "==18.2.0"
        },
        "certifi": {
            "hashes": [
                "sha256:47f9c83ef4c0c621eaef743f133f09fa8a74a9b75f037e8624f83bd1b6626cb7",
                "sha256:993f830721089fef441cdfeb4b2c8c9df86f0c63239f06bd025a76a7daddb033"
            ],
            "version": "==2018.11.29"
        },
        "chardet": {
            "hashes": [
                "sha256:84ab92ed1c4d4f16916e05906b6b75a6c0fb5db821cc65e70cbd64a3e2a5eaae",
                "sha256:fc323ffcaeaed0e0a02bf4d117757b98aed530d9ed4531e3e15460124c106691"
            ],
            "version": "==3.0.4"
        },
        "click": {
            "hashes": [
                "sha256:2335065e6395b9e67ca716de5f7526736bfa6ceead690adf616d925bdc622b13",
                "sha256:5b94b49521f6456670fdb30cd82a4eca9412788a93fa6dd6df72c94d5a8ff2d7"
            ],
            "version": "==7.0"
        },
        "django": {
            "hashes": [
                "sha256:c007dba5086061f7d0f4d88a3bc4016d881a7eede86d6c1c4fdbbaadddd53f1d",
                "sha256:c213590aa8599b17a9a914ab017f7dc6fc16c9c69603ecf071100346b8d9d777"
            ],
            "version": "==1.9.13"
        },
        "django-appconf": {
            "hashes": [
                "sha256:3d9bc963d8008ae151d6c664f9fd55442705ea9b9e6d7ce77cdd40bf92d91f3a",
                "sha256:ba1375fb1024e8e91547504d4392321795c989fde500b96ebc7c93884f786e60"
            ],
            "version": "==1.0.1"
        },
        "django-autoconfig": {
            "hashes": [
                "sha256:5f28cfb7d848d9d99eadba62848732931c799cd9c98dc9792875e16ffcb1f700",
                "sha256:e19b1b9545bb723624e7aa93172f68584790c1be1f962122485c6c367c87d0fc",
                "sha256:edafe7b8bd6246ed9fcc5c00cbf4bea93ae3479d97a4561d222010f78dadc11e"
            ],
            "version": "==0.8.0"
        },
        "django-bourbon": {
            "hashes": [
                "sha256:7365400ff7dbab2fb13f6e3a5e7d8e9e12a26097a0fe64caee98a83651163954",
                "sha256:f33f041845d004d73a4f9298477374af57be15f3cb9c1aa51787ea964d7abecb"
            ],
            "version": "==3.1.8"
        },
        "django-casper": {
            "hashes": [
                "sha256:7659125168acdf77a8c93dec63f54c57c0295b77e353f4c3ac70aa0b7cfbc42b",
                "sha256:d3dd4a9a0b267e1b5636ce25ba8be15b2423038bb4bb084734b264e06ef8c011"
            ],
            "version": "==0.0.3"
        },
        "django-classy-tags": {
            "hashes": [
                "sha256:00b785ce56ce0faf904c6a52acc03c5d623e6c8d90f831a6540accdf64bdbb73",
                "sha256:e57ff4e89649cd395bfe71e9c423f2c5360f2b631c5c72da3b6645b2a2d62013"
            ],
            "version": "==0.6.1"
        },
        "django-countries": {
            "hashes": [
                "sha256:23c6b5455a2e68ed02601cee0d3c80481965d0c3a6bd2f07ca56902b0a4c55a6",
                "sha256:5bdda9d2c3473b519371428d88517f29befad7e35dfc489e8b0f95cb2aa941dc"
            ],
            "version": "==3.4.1"
        },
        "django-forms-bootstrap": {
            "hashes": [
                "sha256:50d69baf6c6f262f6ae3651096b52c31552cb75d37493f0c917ce2c16d13f0d9",
                "sha256:ffc6d2b9fba03e2366884e82f613daf1284702e9346746e0e9de299db8138d6f"
            ],
            "version": "==3.1.0"
        },
        "django-formtools": {
            "hashes": [
                "sha256:647a5855277dcf335902eeeeeba3056e439493e6b7de70b942c988a6d8d70e04",
                "sha256:6cee6e7b8990898332af2c00020195aacd428bd97ff99d1ec02e9deec84d928c"
            ],
            "version": "==1.0"
        },
        "django-foundation-icons": {
            "hashes": [
                "sha256:eba9bbce3c1a5cb3489aeed7158886826e5a9966cedd1f0d838bd588e43996bd"
            ],
            "version": "==3.1"
        },
        "django-foundation-statics": {
            "hashes": [
                "sha256:c375de71f890f8a787b88229e04a7f6865d511fbb5ab87da72cf72bce92af957"
            ],
            "version": "==5.4.7"
        },
        "django-jquery": {
            "hashes": [
                "sha256:70df837586a69607acb82a1d35a10d11e0dc11403949e4a2f3c2fcc726036abb"
            ],
            "version": "==1.9.1"
        },
        "django-js-reverse": {
            "hashes": [
                "sha256:62c540d46b1de17adcbb80ea6ef7239b4ab9793fadae1595383b2be801b1af60",
                "sha256:928273d0cab8425af1851e9cd0de96d54b60e844163deb39bf0fe3b0585705a4"
            ],
            "version": "==0.6.1"
        },
        "django-online-status": {
            "hashes": [
                "sha256:c2f791ea82c77563ad0a0878ebda5ad1e8fa26f7d006bdb01cb4a866c8eeeea2"
            ],
            "version": "==0.1.0"
        },
        "django-otp": {
            "hashes": [
                "sha256:0016baa0f11544aa3a709d1b4fca13d607397ae41025bdc4fdb8a7e80a39973c",
                "sha256:fd9e787779c053ba77e47a6907539c01e8db41b09f99722793317ed9a4183b32"
            ],
            "version": "==0.4.3"
        },
        "django-phonenumber-field": {
            "hashes": [
                "sha256:f3b23af290d0f800945c44e0737bd32f3ee38f63e7ad7076450778fe682a52fe"
            ],
            "version": "==0.7.2"
        },
        "django-pipeline": {
            "hashes": [
                "sha256:a5a909f403d0ea56f211618949ff4e378f16e5a996bde819bd2b5b0e7a9bb8fe",
                "sha256:c711e88615ef37b2359ce30978eae7c65e54924aeb043229656c5e239065e596"
            ],
            "version": "==1.5.4"
        },
        "django-recaptcha": {
            "hashes": [
                "sha256:6cef6f94b8de84d889f0326fce572ec26b2a027fc802582666f148b38cc4d8d1"
            ],
            "version": "==1.3.1"
        },
        "django-reversion": {
            "hashes": [
                "sha256:89a5c639d9455c1c83c770e3626f2860f39175fc4eb20ce3c802f05d76dc1738"
            ],
            "version": "==2.0.0"
        },
        "django-sekizai": {
            "hashes": [
                "sha256:39c5d16ad694aa78278ca84fdc7b9f953ebcf94e2fc95b68c875d02014303260",
                "sha256:cbd48e7be29e8cc4108476b9420d7c391fc509a504bc20b60616b116ba6ea51e"
            ],
            "version": "==0.10.0"
        },
        "django-treebeard": {
            "hashes": [
                "sha256:c21db06a8d4943bf2a28d9d7a119058698fb76116df2679ecbf15a46a501de42"
            ],
            "version": "==4.3"
        },
        "django-two-factor-auth": {
            "hashes": [
                "sha256:596ca6a8d6f71b1acc2b1aa5cd1d8e13f2ada8bfa5808f2b5aa07922eb2b55c9",
                "sha256:91e730cb0984508b97d93e7d7547f7a1676651908982b6c00fa2d10b34cda2f2"
            ],
            "version": "==1.5.0"
        },
        "djangorestframework": {
            "hashes": [
                "sha256:09842ecb1c7c38e5a666c04bcfa924f682ef1e82d9c84080f19c28b771d080c5",
                "sha256:41dab5727ee1aeb3d5b28a126ad0d28fbf80f832382cdaa3f078113f1e24771a"
            ],
            "version": "==3.2.3"
        },
        "dnspython": {
            "hashes": [
                "sha256:36c5e8e38d4369a08b6780b7f27d790a292b2b08eea01607865bf0936c558e01",
                "sha256:f69c21288a962f4da86e56c4905b49d11aba7938d3d740e80d9e366ee4f1632d"
            ],
            "version": "==1.16.0"
        },
        "docutils": {
            "hashes": [
                "sha256:c7db717810ab6965f66c8cf0398a98c9d8df982da39b4cd7f162911eb89596fa",
                "sha256:dcebd4928112631626f4c4d0df59787c748404e66dda952110030ea883d3b8cd"
            ],
            "version": "==0.12"
        },
        "e1839a8": {
            "editable": true,
            "path": "."
        },
        "enum34": {
            "hashes": [
                "sha256:2d81cbbe0e73112bdfe6ef8576f2238f2ba27dd0d55752a776c41d38b7da2850",
                "sha256:644837f692e5f550741432dd3f223bbb9852018674981b1664e5dc339387588a",
                "sha256:6bd0f6ad48ec2aa117d3d141940d484deccda84d4fcd884f5c3d93c23ecd8c79",
                "sha256:8ad8c4783bf61ded74527bffb48ed9b54166685e4230386a9ed9b1279e2df5b1"
            ],
            "markers": "python_version == '2.7'",
            "version": "==1.1.6"
        },
        "eventlet": {
            "hashes": [
                "sha256:c584163e006e613707e224552fafc63e4e0aa31d7de0ab18b481ac0b385254c8",
                "sha256:d9d31a3c8dbcedbcce5859a919956d934685b17323fc80e1077cb344a2ffa68d"
            ],
            "version": "==0.24.1"
        },
        "flask": {
            "hashes": [
                "sha256:2271c0070dbcb5275fad4a82e29f23ab92682dc45f9dfbc22c02ba9b9322ce48",
                "sha256:a080b744b7e345ccfcbc77954861cb05b3c63786e93f2b3875e0913d44b43f05"
            ],
            "version": "==1.0.2"
        },
        "flask-cors": {
            "hashes": [
                "sha256:7ad56ee3b90d4955148fc25a2ecaa1124fc84298471e266a7fea59aeac4405a5",
                "sha256:7e90bf225fdf163d11b84b59fb17594d0580a16b97ab4e1146b1fb2737c1cfec"
            ],
            "version": "==3.0.7"
        },
        "flask-socketio": {
            "hashes": [
                "sha256:26fbb693f934ebb1c53a0944f11c761ed54897ca7a5b673ce98961072d0694c1",
                "sha256:4415c2f1ec1442792af7bb88fc9fd91ffdbf2408a566eb2694e02b021671f2f2"
            ],
            "version": "==3.1.2"
        },
        "futures": {
            "hashes": [
                "sha256:9ec02aa7d674acb8618afb127e27fde7fc68994c0437ad759fa094a574adb265",
                "sha256:ec0a6cb848cc212002b9828c3e34c675e0c9ff6741dc445cab6fdd4e1085d1f1"
            ],
            "version": "==3.2.0"
        },
        "greenlet": {
            "hashes": [
                "sha256:000546ad01e6389e98626c1367be58efa613fa82a1be98b0c6fc24b563acc6d0",
                "sha256:0d48200bc50cbf498716712129eef819b1729339e34c3ae71656964dac907c28",
                "sha256:23d12eacffa9d0f290c0fe0c4e81ba6d5f3a5b7ac3c30a5eaf0126bf4deda5c8",
                "sha256:37c9ba82bd82eb6a23c2e5acc03055c0e45697253b2393c9a50cef76a3985304",
                "sha256:51503524dd6f152ab4ad1fbd168fc6c30b5795e8c70be4410a64940b3abb55c0",
                "sha256:8041e2de00e745c0e05a502d6e6db310db7faa7c979b3a5877123548a4c0b214",
                "sha256:81fcd96a275209ef117e9ec91f75c731fa18dcfd9ffaa1c0adbdaa3616a86043",
                "sha256:853da4f9563d982e4121fed8c92eea1a4594a2299037b3034c3c898cb8e933d6",
                "sha256:8b4572c334593d449113f9dc8d19b93b7b271bdbe90ba7509eb178923327b625",
                "sha256:9416443e219356e3c31f1f918a91badf2e37acf297e2fa13d24d1cc2380f8fbc",
                "sha256:9854f612e1b59ec66804931df5add3b2d5ef0067748ea29dc60f0efdcda9a638",
                "sha256:99a26afdb82ea83a265137a398f570402aa1f2b5dfb4ac3300c026931817b163",
                "sha256:a19bf883b3384957e4a4a13e6bd1ae3d85ae87f4beb5957e35b0be287f12f4e4",
                "sha256:a9f145660588187ff835c55a7d2ddf6abfc570c2651c276d3d4be8a2766db490",
                "sha256:ac57fcdcfb0b73bb3203b58a14501abb7e5ff9ea5e2edfa06bb03035f0cff248",
                "sha256:bcb530089ff24f6458a81ac3fa699e8c00194208a724b644ecc68422e1111939",
                "sha256:beeabe25c3b704f7d56b573f7d2ff88fc99f0138e43480cecdfcaa3b87fe4f87",
                "sha256:d634a7ea1fc3380ff96f9e44d8d22f38418c1c381d5fac680b272d7d90883720",
                "sha256:d97b0661e1aead761f0ded3b769044bb00ed5d33e1ec865e891a8b128bf7c656"
            ],
            "version": "==0.4.15"
        },
        "hypothesis": {
            "hashes": [
                "sha256:77cfa1e9e83f79766c782dd20c7dea122c3a6999c6053f1734f07db9b100165c",
                "sha256:954c60a7c43e15bac4ec1eb9efa1e752442a88c699529497b4fe14893ea554cc",
                "sha256:dce74cd793af2f981b34702435259cb2fe43268ab3f73a345da1c39b8a9ab175"
            ],
            "version": "==4.0.1"
        },
        "idna": {
            "hashes": [
                "sha256:156a6814fb5ac1fc6850fb002e0852d56c0c8d2531923a51032d1b70760e186e",
                "sha256:684a38a6f903c1d71d6d5fac066b58d7768af4de2b832e426ec79c30daa94a16"
            ],
            "version": "==2.7"
        },
        "itsdangerous": {
            "hashes": [
                "sha256:321b033d07f2a4136d3ec762eac9f16a10ccd60f53c0c91af90217ace7ba1f19",
                "sha256:b12271b2047cb23eeb98c8b5622e2e5c5e9abd9784a153e9d8ef9cb4dd09d749"
            ],
            "version": "==1.1.0"
        },
        "jinja2": {
            "hashes": [
                "sha256:74c935a1b8bb9a3947c50a54766a969d4846290e1e788ea44c1392163723c3bd",
                "sha256:f84be1bb0040caca4cea721fcbbbbd61f9be9464ca236387158b0feea01914a4"
            ],
            "version": "==2.10"
        },
        "libsass": {
            "hashes": [
                "sha256:0da943e00e028211cb4bb91496a20becab9fe82407bb75266ec4212af04acb45",
                "sha256:107591ba2c0d173bb1705bef0e9fd04a5b6f482f3584f4ea51b28ab8b137fbb2",
                "sha256:1aeadc155594af23879e27792667dc06e7f248c2c599c40ff2a7335193abdf05",
                "sha256:411833c623288138744865d882f5226f6db52afce1e19f42722c416df9d308dc",
                "sha256:4bf7a80a956da9de9715436b85343a179da4ff399a6e9a1694e70bff93d43099",
                "sha256:53be1c6cea9458fc0b59fafff5307d63cbde4d6f8a4413fb52ae467566273357",
                "sha256:55b77204cfa363142ab02c49ee871321a396b8e51f6361ebc226c3953c780541",
                "sha256:66e3062ff508c81928e35c66702f0cc4f70fb12eb76ba23eeb0ff87a6340cc13",
                "sha256:747e1cb3624b25ce9104315cf98b080246c5112d008cba6536a7dd2edb16fcc2",
                "sha256:75605a97f4b2f47fafc5a372f09efec210c7f33908c6de726362f85489fd53aa",
                "sha256:7c7a531b8cd786c35170e97338be2e73a74806f95539366a8ee837df94b8a8cf",
                "sha256:953ebe810f09d81b84ccafdca0fb6171d1b58c8f0147cb650184a41e124e296f",
                "sha256:a19041e78d5bb7c5d72e010e893c29119693628b6ee06025503ab2584cf24edd",
                "sha256:b3e4abf50ad3a6bec25acd0c67495301cab6137aa79b8640364276f7f3712586",
                "sha256:bf6b7ad08f287695338f050c80f79d258a405e5c349cdaeb9be5d5376c09e37a",
                "sha256:fcbc861a001ffd68c4df00164b41c6152d5451185d06c654ac240d811be9f7e2"
            ],
            "version": "==0.17.0"
        },
        "markupsafe": {
            "hashes": [
                "sha256:048ef924c1623740e70204aa7143ec592504045ae4429b59c30054cb31e3c432",
                "sha256:130f844e7f5bdd8e9f3f42e7102ef1d49b2e6fdf0d7526df3f87281a532d8c8b",
                "sha256:19f637c2ac5ae9da8bfd98cef74d64b7e1bb8a63038a3505cd182c3fac5eb4d9",
                "sha256:1b8a7a87ad1b92bd887568ce54b23565f3fd7018c4180136e1cf412b405a47af",
                "sha256:1c25694ca680b6919de53a4bb3bdd0602beafc63ff001fea2f2fc16ec3a11834",
                "sha256:1f19ef5d3908110e1e891deefb5586aae1b49a7440db952454b4e281b41620cd",
                "sha256:1fa6058938190ebe8290e5cae6c351e14e7bb44505c4a7624555ce57fbbeba0d",
                "sha256:31cbb1359e8c25f9f48e156e59e2eaad51cd5242c05ed18a8de6dbe85184e4b7",
                "sha256:3e835d8841ae7863f64e40e19477f7eb398674da6a47f09871673742531e6f4b",
                "sha256:4e97332c9ce444b0c2c38dd22ddc61c743eb208d916e4265a2a3b575bdccb1d3",
                "sha256:525396ee324ee2da82919f2ee9c9e73b012f23e7640131dd1b53a90206a0f09c",
                "sha256:52b07fbc32032c21ad4ab060fec137b76eb804c4b9a1c7c7dc562549306afad2",
                "sha256:52ccb45e77a1085ec5461cde794e1aa037df79f473cbc69b974e73940655c8d7",
                "sha256:5c3fbebd7de20ce93103cb3183b47671f2885307df4a17a0ad56a1dd51273d36",
                "sha256:5e5851969aea17660e55f6a3be00037a25b96a9b44d2083651812c99d53b14d1",
                "sha256:5edfa27b2d3eefa2210fb2f5d539fbed81722b49f083b2c6566455eb7422fd7e",
                "sha256:7d263e5770efddf465a9e31b78362d84d015cc894ca2c131901a4445eaa61ee1",
                "sha256:83381342bfc22b3c8c06f2dd93a505413888694302de25add756254beee8449c",
                "sha256:857eebb2c1dc60e4219ec8e98dfa19553dae33608237e107db9c6078b1167856",
                "sha256:98e439297f78fca3a6169fd330fbe88d78b3bb72f967ad9961bcac0d7fdd1550",
                "sha256:bf54103892a83c64db58125b3f2a43df6d2cb2d28889f14c78519394feb41492",
                "sha256:d9ac82be533394d341b41d78aca7ed0e0f4ba5a2231602e2f05aa87f25c51672",
                "sha256:e982fe07ede9fada6ff6705af70514a52beb1b2c3d25d4e873e82114cf3c5401",
                "sha256:edce2ea7f3dfc981c4ddc97add8a61381d9642dc3273737e756517cc03e84dd6",
                "sha256:efdc45ef1afc238db84cb4963aa689c0408912a0239b0721cb172b4016eb31d6",
                "sha256:f137c02498f8b935892d5c0172560d7ab54bc45039de8805075e19079c639a9c",
                "sha256:f82e347a72f955b7017a39708a3667f106e6ad4d10b25f237396a7115d8ed5fd",
                "sha256:fb7c206e01ad85ce57feeaaa0bf784b97fa3cad0d4a5737bc5295785f5c613a1"
            ],
            "version": "==1.1.0"
        },
        "monotonic": {
            "hashes": [
                "sha256:23953d55076df038541e648a53676fb24980f7a1be290cdda21300b3bc21dfb0",
                "sha256:552a91f381532e33cbd07c6a2655a21908088962bb8fa7239ecbcc6ad1140cc7"
            ],
            "version": "==1.5"
        },
        "phonenumbers": {
            "hashes": [
                "sha256:09d4e3ced954fffaf9d2a7d6296a3a875464bf36c99149089755a19707efabc7",
                "sha256:c9c00b6917ee5052465d1d63907dd8be3cf1314b908c62a8853cdc1863f3a15a"
            ],
            "version": "==7.7.5"
        },
        "pillow": {
            "hashes": [
                "sha256:b2b7f3e936c062db02c0b01df0560ddbd7d09b24ef5187c71d9de3028f686427",
                "sha256:d50c3414a9ef00bf20df6c7d1bb6522849907cb1aac5121b4ddd2a4ada9fc990"
            ],
            "version": "==3.3.2"
        },
        "postcodes": {
            "hashes": [
                "sha256:c11f49b2c3a6ce18881f7924fc6eca4aa4550b0e8536c4a44500a83cc233c4c5"
            ],
            "version": "==0.1"
        },
        "psutil": {
            "hashes": [
                "sha256:1c19957883e0b93d081d41687089ad630e370e26dc49fd9df6951d6c891c4736",
                "sha256:1c71b9716790e202a00ab0931a6d1e25db1aa1198bcacaea2f5329f75d257fff",
                "sha256:3b7a4daf4223dae171a67a89314ac5ca0738e94064a78d99cfd751c55d05f315",
                "sha256:3e19be3441134445347af3767fa7770137d472a484070840eee6653b94ac5576",
                "sha256:6e265c8f3da00b015d24b842bfeb111f856b13d24f2c57036582568dc650d6c3",
                "sha256:809c9cef0402e3e48b5a1dddc390a8a6ff58b15362ea5714494073fa46c3d293",
                "sha256:b4d1b735bf5b120813f4c89db8ac22d89162c558cbd7fdd298866125fe906219",
                "sha256:bbffac64cfd01c6bcf90eb1bedc6c80501c4dae8aef4ad6d6dd49f8f05f6fc5a",
                "sha256:bfcea4f189177b2d2ce4a34b03c4ac32c5b4c22e21f5b093d9d315e6e253cd81"
            ],
            "version": "==5.4.8"
        },
        "pyhamcrest": {
            "hashes": [
                "sha256:118c48351451ec027cceed781841c19b836739e21f71a26649fe97fca0d346d5"
            ],
            "version": "==1.8.3"
        },
        "python-engineio": {
            "hashes": [
                "sha256:401458bb0046d950c429dac3ef82ce12e3ff1236f63b4bbb344d60a1b51c4e94",
                "sha256:f36d61d2ca29f4e2109a370911e2a38e1c968e63727c32ed3174599fbfb4e849"
            ],
            "version": "==3.2.3"
        },
        "python-socketio": {
            "hashes": [
                "sha256:026769945af5917b08233a4d0d78a22783920769c5e0410689be935c892df9db",
                "sha256:086a055b3ab6bbd16e206b90ca14cc25f2c3f697be17a9795fecadf3c907f8a0"
            ],
            "version": "==3.1.1"
        },
        "pyyaml": {
            "hashes": [
                "sha256:ef3a0d5a5e950747f4a39ed7b204e036b37f9bddc7551c1a813b8727515a832e"
            ],
            "version": "==4.2b1"
        },
        "qrcode": {
            "hashes": [
                "sha256:f3993aea9e3af2ca92b64128a81f36ed978a44d115a214293bfcd2cae7de8f6e"
            ],
            "version": "==4.0.4"
        },
        "rapid-router": {
            "hashes": [
                "sha256:0c5247bcd72174c8c72a95f309d80995a9b5c4ca21a926c50a6afc6b0c1e7dbb",
                "sha256:99babc15d9ed5b237c10a643d46fe3cece37b0ecaae5acf8450aa8ca28a48d0e"
            ],
            "version": "==1.0.0.post0.dev447"
        },
        "reportlab": {
            "hashes": [
                "sha256:122258aed55cb639d8e334cbbf477822b9bc965771bdb1eb6e75b8318a042f76",
                "sha256:2361fb32c6f1f36b5fab76ebfa07cfce24389e5c2c1b47ca74eb54dfe8ecb4f6",
                "sha256:72e687662bd854776407b9108483561831b45546d935df8b0477708199086293",
                "sha256:a7aa8e22217a1b88d00027c5bbfd2500bfd0fbab5485b7f74e88db10a13bc4b2",
                "sha256:bf87067d3b7dbedab7f7b7dcba2f35d5dc4a5d5623c52c701190f7ee4a7d5a86",
                "sha256:ef7a5aca01c093f062b4f37b9a9aef4c53d5814ebf570679392cf58c7190c4d9",
                "sha256:fb12956e68c0e6faef3cb023935b4347dbe46992b82e1564c57c90d5c644fbde"
            ],
            "version": "==3.2.0"
        },
        "requests": {
            "hashes": [
                "sha256:99dcfdaaeb17caf6e526f32b6a7b780461512ab3f1d992187801694cba42770c",
                "sha256:a84b8c9ab6239b578f22d1c21d51b696dcfe004032bb80ea832398d6909d7279"
            ],
            "version": "==2.20.0"
        },
        "restrictedpython": {
            "hashes": [
                "sha256:4a59877e3cde0a31f6eb99f73a5be3a629d6b3d43f4d7d71a49fef188745b455",
                "sha256:6b4b667d15d9258a38c02f27d68915655397364342d7a1905a4ac4471cd6eec4"
            ],
            "version": "==4.0b7"
        },
        "six": {
            "hashes": [
                "sha256:70e8a77beed4562e7f14fe23a786b54f6296e34344c23bc42f07b15018ff98e9",
                "sha256:832dc0e10feb1aa2c68dcc57dbb658f1c7e65b9b61af69048abc87a2db00a0eb"
            ],
            "version": "==1.11.0"
        },
        "sqlparse": {
            "hashes": [
                "sha256:ce028444cfab83be538752a2ffdb56bc417b7784ff35bb9a3062413717807dec",
                "sha256:d9cf190f51cbb26da0412247dfe4fb5f4098edb73db84e02f9fc21fdca31fed4"
            ],
            "version": "==0.2.4"
        },
        "urllib3": {
            "hashes": [
                "sha256:a68ac5e15e76e7e5dd2b8f94007233e01effe3e50e8daddf69acfd81cb686baf",
                "sha256:b5725a0bd4ba422ab0e66e89e030c806576753ea3ee08554382c14e685d117b5"
            ],
            "version": "==1.23"
        },
        "werkzeug": {
            "hashes": [
                "sha256:c3fd7a7d41976d9f44db327260e263132466836cef6f91512889ed60ad26557c",
                "sha256:d5da73735293558eb1651ee2fddc4d0dedcfa06538b8813a2e20011583c9e49b"
            ],
            "version": "==0.14.1"
        }
    },
    "develop": {}
}
