{
    "_meta": {
        "hash": {
            "sha256": "cd952cf328a3196f09e175025537471e6df697121fd4073b934c4cd4722b7d86"
        },
        "pipfile-spec": 6,
        "requires": {
            "python_version": "3.7"
        },
        "sources": [
            {
                "name": "pypi",
                "url": "https://pypi.org/simple",
                "verify_ssl": true
            }
        ]
    },
    "default": {
        "cfl-common": {
            "editable": true,
            "path": "./cfl_common"
        },
        "codeforlife-portal": {
            "editable": true,
            "path": "."
        },
        "django": {
            "hashes": [
                "sha256:3339ff0e03dee13045aef6ae7b523edff75b6d726adf7a7a48f53d5a501f7db7",
                "sha256:f2084ceecff86b1e631c2cd4107d435daf4e12f1efcdf11061a73bf0b5e95f92"
            ],
            "markers": "python_version >= '3.5'",
            "version": "==2.2.24"
        },
        "django-autoconfig": {
            "git": "https://github.com/ocadotechnology/django-autoconfig.git",
            "ref": "f4a6d48b92f1ee9149a56af566b3806e2bd8fec0"
        },
        "pytz": {
            "hashes": [
                "sha256:83a4a90894bf38e243cf052c8b58f381bfe9a7a483f6a9cab140bc7f702ac4da",
                "sha256:eb10ce3e7736052ed3623d49975ce333bcd712c7bb19a58b9e2089d4057d0798"
            ],
            "version": "==2021.1"
        },
        "sanitized-package": {
            "editable": true,
            "path": "./cfl_common"
        },
        "sqlparse": {
            "hashes": [
                "sha256:017cde379adbd6a1f15a61873f43e8274179378e95ef3fede90b5aa64d304ed0",
                "sha256:0f91fd2e829c44362cbcfab3e9ae12e22badaa8a29ad5ff599f9ec109f0454e8"
            ],
            "markers": "python_version >= '3.5'",
            "version": "==0.4.1"
        }
    },
    "develop": {
        "attrs": {
            "hashes": [
                "sha256:149e90d6d8ac20db7a955ad60cf0e6881a3f20d37096140088356da6c716b0b1",
                "sha256:ef6aaac3ca6cd92904cdd0d83f629a15f18053ec84e6432106f7a4d04ae4f5fb"
            ],
            "markers": "python_version >= '2.7' and python_version not in '3.0, 3.1, 3.2, 3.3, 3.4'",
            "version": "==21.2.0"
        },
        "certifi": {
            "hashes": [
                "sha256:2bbf76fd432960138b3ef6dda3dde0544f27cbf8546c458e60baf371917ba9ee",
                "sha256:50b1e4f8446b06f41be7dd6338db18e0990601dce795c2b1686458aa7e8fa7d8"
            ],
            "version": "==2021.5.30"
        },
        "chardet": {
            "hashes": [
                "sha256:0d6f53a15db4120f2b08c94f11e7d93d2c911ee118b6b30a04ec3ee8310179fa",
                "sha256:f864054d66fd9118f2e67044ac8981a54775ec5b67aed0441892edb553d21da5"
            ],
            "markers": "python_version >= '2.7' and python_version not in '3.0, 3.1, 3.2, 3.3, 3.4'",
            "version": "==4.0.0"
        },
        "django": {
            "hashes": [
                "sha256:3339ff0e03dee13045aef6ae7b523edff75b6d726adf7a7a48f53d5a501f7db7",
                "sha256:f2084ceecff86b1e631c2cd4107d435daf4e12f1efcdf11061a73bf0b5e95f92"
            ],
            "markers": "python_version >= '3.5'",
            "version": "==2.2.24"
        },
        "django-selenium-clean": {
            "hashes": [
                "sha256:405106e6ce176970a60165e56cfe152469fd8e9159ca2d80fd4309f6bb8e820a",
                "sha256:a1af18cd6ec5ad2aa368d6baacae2937479ab025bf84317a56a2b3485e2cf4a7"
            ],
            "index": "pypi",
            "version": "==0.3.2"
        },
        "easyprocess": {
            "hashes": [
                "sha256:fb948daac01f64c1e49750752711253614846c6fc7e5692a718a7408f2ffb984",
                "sha256:fca26794d3ced044d0471bd4ed767d5c287391d8a1c5e9d106fc59478b732543"
            ],
            "version": "==0.3"
        },
        "fastdiff": {
            "hashes": [
                "sha256:4dfa09c47832a8c040acda3f1f55fc0ab4d666f0e14e6951e6da78d59acd945a",
                "sha256:ca5f61f6ddf5a1564ddfd98132ad28e7abe4a88a638a8b014a2214f71e5918ec"
            ],
            "version": "==0.3.0"
        },
        "idna": {
            "hashes": [
                "sha256:b307872f855b18632ce0c21c5e45be78c0ea7ae4c15c828c20788b26921eb3f6",
                "sha256:b97d804b1e9b523befed77c48dacec60e6dcb0b5391d57af6a65a312a90648c0"
            ],
            "markers": "python_version >= '2.7' and python_version not in '3.0, 3.1, 3.2, 3.3'",
            "version": "==2.10"
        },
        "importlib-metadata": {
            "hashes": [
                "sha256:833b26fb89d5de469b24a390e9df088d4e52e4ba33b01dc5e0e4f41b81a16c00",
                "sha256:b142cc1dd1342f31ff04bb7d022492b09920cb64fed867cd3ea6f80fe3ebd139"
            ],
            "markers": "python_version < '3.8'",
            "version": "==4.5.0"
        },
        "iniconfig": {
            "hashes": [
                "sha256:011e24c64b7f47f6ebd835bb12a743f2fbe9a26d4cecaa7f53bc4f35ee9da8b3",
                "sha256:bc3af051d7d14b2ee5ef9969666def0cd1a000e121eaea580d4a313df4b37f32"
            ],
            "version": "==1.1.1"
        },
        "packaging": {
            "hashes": [
                "sha256:5b327ac1320dc863dca72f4514ecc086f31186744b84a230374cc1fd776feae5",
                "sha256:67714da7f7bc052e064859c05c595155bd1ee9f69f76557e21f051443c20947a"
            ],
            "markers": "python_version >= '2.7' and python_version not in '3.0, 3.1, 3.2, 3.3'",
            "version": "==20.9"
        },
        "pluggy": {
            "hashes": [
                "sha256:15b2acde666561e1298d71b523007ed7364de07029219b604cf808bfa1c765b0",
                "sha256:966c145cd83c96502c3c3868f50408687b38434af77734af1e9ca461a4081d2d"
            ],
            "markers": "python_version >= '2.7' and python_version not in '3.0, 3.1, 3.2, 3.3'",
            "version": "==0.13.1"
        },
        "py": {
            "hashes": [
                "sha256:21b81bda15b66ef5e1a777a21c4dcd9c20ad3efd0b3f817e7a809035269e1bd3",
                "sha256:3b80836aa6d1feeaa108e046da6423ab8f6ceda6468545ae8d02d9d58d18818a"
            ],
            "markers": "python_version >= '2.7' and python_version not in '3.0, 3.1, 3.2, 3.3'",
            "version": "==1.10.0"
        },
        "pyparsing": {
            "hashes": [
                "sha256:c203ec8783bf771a155b207279b9bccb8dea02d8f0c9e5f8ead507bc3246ecc1",
                "sha256:ef9d7589ef3c200abe66653d3f1ab1033c3c419ae9b9bdb1240a85b024efc88b"
            ],
            "markers": "python_version >= '2.6' and python_version not in '3.0, 3.1, 3.2, 3.3'",
            "version": "==2.4.7"
        },
        "pytest": {
            "hashes": [
                "sha256:50bcad0a0b9c5a72c8e4e7c9855a3ad496ca6a881a3641b4260605450772c54b",
                "sha256:91ef2131a9bd6be8f76f1f08eac5c5317221d6ad1e143ae03894b862e8976890"
            ],
            "index": "pypi",
            "version": "==6.2.4"
        },
        "pytest-django": {
            "hashes": [
                "sha256:10e384e6b8912ded92db64c58be8139d9ae23fb8361e5fc139d8e4f8fc601bc2",
                "sha256:26f02c16d36fd4c8672390deebe3413678d89f30720c16efb8b2a6bf63b9041f"
            ],
            "index": "pypi",
            "version": "==4.1.0"
        },
        "pytest-mock": {
            "hashes": [
                "sha256:30c2f2cc9759e76eee674b81ea28c9f0b94f8f0445a1b87762cadf774f0df7e3",
                "sha256:40217a058c52a63f1042f0784f62009e976ba824c418cced42e88d5f40ab0e62"
            ],
            "index": "pypi",
            "version": "==3.6.1"
        },
        "pytz": {
            "hashes": [
                "sha256:83a4a90894bf38e243cf052c8b58f381bfe9a7a483f6a9cab140bc7f702ac4da",
                "sha256:eb10ce3e7736052ed3623d49975ce333bcd712c7bb19a58b9e2089d4057d0798"
            ],
            "version": "==2021.1"
        },
        "pyvirtualdisplay": {
            "hashes": [
                "sha256:3dd8f63d32a134c07c2433f6931e9877172a99a33757f0e5cd146612e1c6380d",
                "sha256:3ecda6b183b03ba65dcfdf0019809722480d7b7e10eea6e3a40bf1ba3146bab7"
            ],
            "index": "pypi",
            "version": "==2.2"
        },
        "requests": {
            "hashes": [
                "sha256:27973dd4a904a4f13b263a19c866c13b92a39ed1c964655f025f3f8d3d75b804",
                "sha256:c210084e36a42ae6b9219e00e48287def368a26d03a048ddad7bfee44f75871e"
            ],
            "markers": "python_version >= '2.7' and python_version not in '3.0, 3.1, 3.2, 3.3, 3.4'",
            "version": "==2.25.1"
        },
        "responses": {
            "hashes": [
                "sha256:2e5764325c6b624e42b428688f2111fea166af46623cb0127c05f6afb14d3457",
                "sha256:ef265bd3200bdef5ec17912fc64a23570ba23597fd54ca75c18650fa1699213d"
            ],
            "index": "pypi",
            "version": "==0.12.1"
        },
        "selenium": {
            "hashes": [
                "sha256:2d7131d7bc5a5b99a2d9b04aaf2612c411b03b8ca1b1ee8d3de5845a9be2cb3c",
                "sha256:deaf32b60ad91a4611b98d8002757f29e6f2c2d5fcaf202e1c9ad06d6772300d"
            ],
            "index": "pypi",
            "version": "==3.141.0"
        },
        "six": {
            "hashes": [
                "sha256:1e61c37477a1626458e36f7b1d82aa5c9b094fa4802892072e49de9c60c4c926",
                "sha256:8abb2f1d86890a2dfb989f9a77cfcfd3e47c2a354b01111771326f8aa26e0254"
            ],
            "markers": "python_version >= '2.7' and python_version not in '3.0, 3.1, 3.2, 3.3'",
            "version": "==1.16.0"
        },
        "snapshottest": {
            "hashes": [
                "sha256:9b177cffe0870c589df8ddbee0a770149c5474b251955bdbde58b7f32a4ec429",
                "sha256:bbcaf81d92d8e330042e5c928e13d9f035e99e91b314fe55fda949c2f17b653c"
            ],
            "index": "pypi",
            "version": "==0.6.0"
        },
        "sqlparse": {
            "hashes": [
                "sha256:017cde379adbd6a1f15a61873f43e8274179378e95ef3fede90b5aa64d304ed0",
                "sha256:0f91fd2e829c44362cbcfab3e9ae12e22badaa8a29ad5ff599f9ec109f0454e8"
            ],
            "markers": "python_version >= '3.5'",
            "version": "==0.4.1"
        },
        "termcolor": {
            "hashes": [
                "sha256:1d6d69ce66211143803fbc56652b41d73b4a400a2891d7bf7a1cdf4c02de613b"
            ],
            "version": "==1.1.0"
        },
        "toml": {
            "hashes": [
                "sha256:806143ae5bfb6a3c6e736a764057db0e6a0e05e338b5630894a5f779cabb4f9b",
                "sha256:b3bda1d108d5dd99f4a20d24d9c348e91c4db7ab1b749200bded2f839ccbe68f"
            ],
            "markers": "python_version >= '2.6' and python_version not in '3.0, 3.1, 3.2, 3.3'",
            "version": "==0.10.2"
        },
        "typing-extensions": {
            "hashes": [
                "sha256:0ac0f89795dd19de6b97debb0c6af1c70987fd80a2d62d1958f7e56fcc31b497",
                "sha256:50b6f157849174217d0656f99dc82fe932884fb250826c18350e159ec6cdf342",
                "sha256:779383f6086d90c99ae41cf0ff39aac8a7937a9283ce0a414e5dd782f4c94a84"
            ],
            "markers": "python_version < '3.8'",
            "version": "==3.10.0.0"
        },
        "urllib3": {
            "hashes": [
                "sha256:753a0374df26658f99d826cfe40394a686d05985786d946fbe4165b5148f5a7c",
                "sha256:a7acd0977125325f516bda9735fa7142b909a8d01e8b2e4c8108d0984e6e0098"
            ],
            "markers": "python_version >= '2.7' and python_version not in '3.0, 3.1, 3.2, 3.3, 3.4' and python_version < '4'",
            "version": "==1.26.5"
        },
        "wasmer": {
            "hashes": [
                "sha256:04e5d51eed336be0e1bf1445aa032fc34466b77220c26732b8990df872f29e92",
                "sha256:0d755a93184380f9785e1f8269b070f4a4a3285ae0f7f9571cfaf2ea215b102d",
                "sha256:11e73026cb7e9a948b86324bd573cafe4d7be91f65ff45b1dc67485044348754",
                "sha256:15b355fed4ebe9d912a7fe236391aac591cc64c7647e14e517c2a6f451a83914",
                "sha256:1fada13fb536f44e12d7c98c557f5b7a55df94389d3cb90964193dcc8e16f0fa",
                "sha256:427e9c5e5301a453a09b8b9ceb8c793d85411b8f45e54c9c0d801566dd8d214e",
                "sha256:690c5ed46a98e91bc638f52a25e5011c5baa1ef0581f414018eb7aa0e7f844bc",
                "sha256:6b41046db73facc064cb9649627d9cdd1b88ada74e745134e44e09ada6827056",
                "sha256:8b13214b5dcc84d43f4c44e2309442497f19137561afada7f34babad89365355",
                "sha256:a08be93aff695ce3be871994f726716b68bef36bd583bccad75778359cd273df",
                "sha256:d77b169079183c131d398c57dfc36e5cc4b34ae2543878ac2056e858f040c099",
                "sha256:dd6c5ab2c41e9fd31442483ac7adc81d886cc3242d604dc3c895df257aa7dbe2",
                "sha256:e2ecd788140468d2d489fc92537b47e2baf4ffdec00fe41f055715d261e4988b",
                "sha256:f390a54e26775456602f21d5d7d62dbad487f6a1022cab4379d7eac2c812d7ce"
            ],
            "version": "==1.0.0"
        },
        "wasmer-compiler-cranelift": {
            "hashes": [
                "sha256:081fdc24eaaac951b84efb6c7e439ccbda8b46f512b8ae2707bcb29763d15a49",
                "sha256:23a4f338f4d972e5273173c370d349222de7f332bc945754dbfeff91ece9927f",
                "sha256:24f97e00e2a4261e242857dc7438737f88f7e0b5d2d024e5b96ad5e20f3ea19c",
                "sha256:413cb45eb8f40c3b09c7cee75a10f025bb85ca408be865c5fbcb86766d5e318d",
                "sha256:456d525fa1bd420c738684a89afcc298f5013f8a1f637a80e16ef5a3ee2782c0",
                "sha256:4b15a38b0a22c921ea112a50bdc86ca7a302ed2fd082e57a5c409781b960fbba",
                "sha256:56384961fb0f853ead5b2947b95c45a029a0eb203588bfc5386a27ebeab3f13f",
                "sha256:764a51e363db28da1b4aaf3ac0aac42125d0f6af38ffdeb2a9d5aa534e500677",
                "sha256:8d3355eb8ccdb742c31fde104c5f6dff772d27f22712d898a22bef1ced302cfd",
                "sha256:8e9c63f1275d674ab0aba1bb64620d0e2ec79efad96259759fa79d01f951f639",
                "sha256:bcedc1abf0518afcfc60cbd0fcac2d636bac02504a1cb9a42c9cc88445673929",
                "sha256:cd7812d1688b9b5f8ed9fe57831cf167baec5c7e070576f4be1f73ab2ec4f49d",
                "sha256:d795b0bfdc5c034d9bd61eb5c94e1caca8e0205bf17540bf81e993897385afd6",
                "sha256:dab69907c3b358ad538846af3f6e9f04ed8a88b40eb63ad434a1098b2c62ee2d"
            ],
            "version": "==1.0.0"
        },
        "zipp": {
            "hashes": [
                "sha256:3607921face881ba3e026887d8150cca609d517579abe052ac81fc5aeffdbd76",
                "sha256:51cb66cc54621609dd593d1787f286ee42a5c0adbb4b29abea5a63edc3e03098"
            ],
            "markers": "python_version >= '3.6'",
            "version": "==3.4.1"
        }
    }
}
